
Microsoft Visual Studio Solution File, Format Version 12.00
# Visual Studio 2013
VisualStudioVersion = 12.0.40629.0
MinimumVisualStudioVersion = 10.0.40219.1
Project("{FAE04EC0-301F-11D3-BF4B-00C04F79EFBC}") = "TwitterReader", "TwitterReader\TwitterReader.csproj", "{CF1B6833-04FA-4C3E-BBC1-B131AD48B17D}"
EndProject
Project("{2150E333-8FDC-42A3-9474-1A3956D46DE8}") = ".nuget", ".nuget", "{0B90B541-5A1A-40FF-BF7A-2DFFE5458206}"
	ProjectSection(SolutionItems) = preProject
		.nuget\packages.config = .nuget\packages.config
	EndProjectSection
EndProject
Global
	GlobalSection(TeamFoundationVersionControl) = preSolution
		SccNumberOfProjects = 2
		SccEnterpriseProvider = {4CA58AB2-18FA-4F8D-95D4-32DDF27D184C}
		SccTeamFoundationServer = http://dev-tfs:8080/tfs/studentprojects
		SccLocalPath0 = .
		SccProjectUniqueName1 = TwitterReader\\TwitterReader.csproj
		SccProjectName1 = TwitterReader
		SccLocalPath1 = TwitterReader
	EndGlobalSection
	GlobalSection(SolutionConfigurationPlatforms) = preSolution
		Debug|Any CPU = Debug|Any CPU
		Release|Any CPU = Release|Any CPU
	EndGlobalSection
	GlobalSection(ProjectConfigurationPlatforms) = postSolution
		{CF1B6833-04FA-4C3E-BBC1-B131AD48B17D}.Debug|Any CPU.ActiveCfg = Debug|Any CPU
		{CF1B6833-04FA-4C3E-BBC1-B131AD48B17D}.Debug|Any CPU.Build.0 = Debug|Any CPU
		{CF1B6833-04FA-4C3E-BBC1-B131AD48B17D}.Release|Any CPU.ActiveCfg = Release|Any CPU
		{CF1B6833-04FA-4C3E-BBC1-B131AD48B17D}.Release|Any CPU.Build.0 = Release|Any CPU
	EndGlobalSection
	GlobalSection(SolutionProperties) = preSolution
		HideSolutionNode = FALSE
	EndGlobalSection
EndGlobal
